{
  "name": "memory_trainer",
  "lockfileVersion": 2,
  "requires": true,
  "packages": {
    "": {
      "dependencies": {
        "ts-key-enum": "^2.0.12"
      }
    },
    "node_modules/ts-key-enum": {
      "version": "2.0.12",
      "resolved": "https://registry.npmjs.org/ts-key-enum/-/ts-key-enum-2.0.12.tgz",
      "integrity": "sha512-Ety4IvKMaeG34AyXMp5r11XiVZNDRL+XWxXbVVJjLvq2vxKRttEANBE7Za1bxCAZRdH2/sZT6jFyyTWxXz28hw=="
    }
  },
  "dependencies": {
    "ts-key-enum": {
      "version": "2.0.12",
      "resolved": "https://registry.npmjs.org/ts-key-enum/-/ts-key-enum-2.0.12.tgz",
      "integrity": "sha512-Ety4IvKMaeG34AyXMp5r11XiVZNDRL+XWxXbVVJjLvq2vxKRttEANBE7Za1bxCAZRdH2/sZT6jFyyTWxXz28hw=="
    }
  }
}
